
Microsoft Visual Studio Solution File, Format Version 12.00
# Visual Studio Version 16
VisualStudioVersion = 16.0.29001.49
MinimumVisualStudioVersion = 10.0.40219.1
Project("{FAE04EC0-301F-11D3-BF4B-00C04F79EFBC}") = "Forces 1", "Forces 1.csproj", "{241498E8-FF87-4D16-A9D7-D4FF3F402735}"
EndProject
Global
	GlobalSection(SolutionConfigurationPlatforms) = preSolution
		Debug|Any CPU = Debug|Any CPU
		Release|Any CPU = Release|Any CPU
	EndGlobalSection
	GlobalSection(ProjectConfigurationPlatforms) = postSolution
		{241498E8-FF87-4D16-A9D7-D4FF3F402735}.Debug|Any CPU.ActiveCfg = Debug|Any CPU
		{241498E8-FF87-4D16-A9D7-D4FF3F402735}.Debug|Any CPU.Build.0 = Debug|Any CPU
		{241498E8-FF87-4D16-A9D7-D4FF3F402735}.Release|Any CPU.ActiveCfg = Release|Any CPU
		{241498E8-FF87-4D16-A9D7-D4FF3F402735}.Release|Any CPU.Build.0 = Release|Any CPU
	EndGlobalSection
	GlobalSection(SolutionProperties) = preSolution
		HideSolutionNode = FALSE
	EndGlobalSection
	GlobalSection(ExtensibilityGlobals) = postSolution
		SolutionGuid = {19181377-599F-4B64-830F-A5F4E7CC8B4D}
	EndGlobalSection
EndGlobal
